
Microsoft Visual Studio Solution File, Format Version 12.00
# Visual Studio 15
VisualStudioVersion = 15.0.28307.489
MinimumVisualStudioVersion = 10.0.40219.1
Project("{8BC9CEB8-8B4A-11D0-8D11-00A0C91BC942}") = "assignment4_BryceChalfant", "assignment4_BryceChalfant\assignment4_BryceChalfant.vcxproj", "{BD8CBCB9-11AF-4A8B-8061-8D86FF1A7640}"
EndProject
Global
	GlobalSection(SolutionConfigurationPlatforms) = preSolution
		Debug|x64 = Debug|x64
		Debug|x86 = Debug|x86
		Release|x64 = Release|x64
		Release|x86 = Release|x86
	EndGlobalSection
	GlobalSection(ProjectConfigurationPlatforms) = postSolution
		{BD8CBCB9-11AF-4A8B-8061-8D86FF1A7640}.Debug|x64.ActiveCfg = Debug|x64
		{BD8CBCB9-11AF-4A8B-8061-8D86FF1A7640}.Debug|x64.Build.0 = Debug|x64
		{BD8CBCB9-11AF-4A8B-8061-8D86FF1A7640}.Debug|x86.ActiveCfg = Debug|Win32
		{BD8CBCB9-11AF-4A8B-8061-8D86FF1A7640}.Debug|x86.Build.0 = Debug|Win32
		{BD8CBCB9-11AF-4A8B-8061-8D86FF1A7640}.Release|x64.ActiveCfg = Release|x64
		{BD8CBCB9-11AF-4A8B-8061-8D86FF1A7640}.Release|x64.Build.0 = Release|x64
		{BD8CBCB9-11AF-4A8B-8061-8D86FF1A7640}.Release|x86.ActiveCfg = Release|Win32
		{BD8CBCB9-11AF-4A8B-8061-8D86FF1A7640}.Release|x86.Build.0 = Release|Win32
	EndGlobalSection
	GlobalSection(SolutionProperties) = preSolution
		HideSolutionNode = FALSE
	EndGlobalSection
	GlobalSection(ExtensibilityGlobals) = postSolution
		SolutionGuid = {F0164B4B-A620-483E-83EC-2FF9EE1A6218}
	EndGlobalSection
EndGlobal
